
Microsoft Visual Studio Solution File, Format Version 12.00
# Visual Studio Version 17
VisualStudioVersion = 17.4.33205.214
MinimumVisualStudioVersion = 10.0.40219.1
Project("{FAE04EC0-301F-11D3-BF4B-00C04F79EFBC}") = "JSON Problems", "JSON Problems.csproj", "{F400A18A-B7A5-4DE0-9C92-3D75DBAF4823}"
EndProject
Global
	GlobalSection(SolutionConfigurationPlatforms) = preSolution
		Debug|Any CPU = Debug|Any CPU
		Release|Any CPU = Release|Any CPU
	EndGlobalSection
	GlobalSection(ProjectConfigurationPlatforms) = postSolution
		{F400A18A-B7A5-4DE0-9C92-3D75DBAF4823}.Debug|Any CPU.ActiveCfg = Debug|Any CPU
		{F400A18A-B7A5-4DE0-9C92-3D75DBAF4823}.Debug|Any CPU.Build.0 = Debug|Any CPU
		{F400A18A-B7A5-4DE0-9C92-3D75DBAF4823}.Release|Any CPU.ActiveCfg = Release|Any CPU
		{F400A18A-B7A5-4DE0-9C92-3D75DBAF4823}.Release|Any CPU.Build.0 = Release|Any CPU
	EndGlobalSection
	GlobalSection(SolutionProperties) = preSolution
		HideSolutionNode = FALSE
	EndGlobalSection
	GlobalSection(ExtensibilityGlobals) = postSolution
		SolutionGuid = {8C973627-4A3C-4CC3-8085-9D9047CE5029}
	EndGlobalSection
EndGlobal
